// !$*UTF8*$!
{
	archiveVersion = 1;
	classes = {
	};
	objectVersion = 46;
	objects = {

/* Begin PBXBuildFile section */
		625243EC1B5FAC3100788444 /* AppDelegate.swift in Sources */ = {isa = PBXBuildFile; fileRef = 625243EB1B5FAC3100788444 /* AppDelegate.swift */; };
		625243EE1B5FAC3100788444 /* ViewController.swift in Sources */ = {isa = PBXBuildFile; fileRef = 625243ED1B5FAC3100788444 /* ViewController.swift */; };
		625243F11B5FAC3100788444 /* Main.storyboard in Resources */ = {isa = PBXBuildFile; fileRef = 625243EF1B5FAC3100788444 /* Main.storyboard */; };
		625243F31B5FAC3100788444 /* Assets.xcassets in Resources */ = {isa = PBXBuildFile; fileRef = 625243F21B5FAC3100788444 /* Assets.xcassets */; };
		625243F61B5FAC3100788444 /* LaunchScreen.storyboard in Resources */ = {isa = PBXBuildFile; fileRef = 625243F41B5FAC3100788444 /* LaunchScreen.storyboard */; };
		625244011B5FAC3200788444 /* P7MediaEditorDemoTests.swift in Sources */ = {isa = PBXBuildFile; fileRef = 625244001B5FAC3200788444 /* P7MediaEditorDemoTests.swift */; };
		6252440C1B5FAC3200788444 /* P7MediaEditorDemoUITests.swift in Sources */ = {isa = PBXBuildFile; fileRef = 6252440B1B5FAC3200788444 /* P7MediaEditorDemoUITests.swift */; };
		6252441D1B5FACB000788444 /* Info.plist in Resources */ = {isa = PBXBuildFile; fileRef = 6252441A1B5FACB000788444 /* Info.plist */; };
		6252441E1B5FACB000788444 /* P7MediaEditor.swift in Sources */ = {isa = PBXBuildFile; fileRef = 6252441C1B5FACB000788444 /* P7MediaEditor.swift */; };
/* End PBXBuildFile section */

/* Begin PBXContainerItemProxy section */
		625243FD1B5FAC3200788444 /* PBXContainerItemProxy */ = {
			isa = PBXContainerItemProxy;
			containerPortal = 625243E01B5FAC3100788444 /* Project object */;
			proxyType = 1;
			remoteGlobalIDString = 625243E71B5FAC3100788444;
			remoteInfo = P7MediaEditorDemo;
		};
		625244081B5FAC3200788444 /* PBXContainerItemProxy */ = {
			isa = PBXContainerItemProxy;
			containerPortal = 625243E01B5FAC3100788444 /* Project object */;
			proxyType = 1;
			remoteGlobalIDString = 625243E71B5FAC3100788444;
			remoteInfo = P7MediaEditorDemo;
		};
/* End PBXContainerItemProxy section */

/* Begin PBXFileReference section */
		625243E81B5FAC3100788444 /* P7MediaEditorDemo.app */ = {isa = PBXFileReference; explicitFileType = wrapper.application; includeInIndex = 0; path = P7MediaEditorDemo.app; sourceTree = BUILT_PRODUCTS_DIR; };
		625243EB1B5FAC3100788444 /* AppDelegate.swift */ = {isa = PBXFileReference; lastKnownFileType = sourcecode.swift; path = AppDelegate.swift; sourceTree = "<group>"; };
		625243ED1B5FAC3100788444 /* ViewController.swift */ = {isa = PBXFileReference; lastKnownFileType = sourcecode.swift; path = ViewController.swift; sourceTree = "<group>"; };
		625243F01B5FAC3100788444 /* Base */ = {isa = PBXFileReference; lastKnownFileType = file.storyboard; name = Base; path = Base.lproj/Main.storyboard; sourceTree = "<group>"; };
		625243F21B5FAC3100788444 /* Assets.xcassets */ = {isa = PBXFileReference; lastKnownFileType = folder.assetcatalog; path = Assets.xcassets; sourceTree = "<group>"; };
		625243F51B5FAC3100788444 /* Base */ = {isa = PBXFileReference; lastKnownFileType = file.storyboard; name = Base; path = Base.lproj/LaunchScreen.storyboard; sourceTree = "<group>"; };
		625243F71B5FAC3100788444 /* Info.plist */ = {isa = PBXFileReference; lastKnownFileType = text.plist.xml; path = Info.plist; sourceTree = "<group>"; };
		625243FC1B5FAC3200788444 /* P7MediaEditorDemoTests.xctest */ = {isa = PBXFileReference; explicitFileType = wrapper.cfbundle; includeInIndex = 0; path = P7MediaEditorDemoTests.xctest; sourceTree = BUILT_PRODUCTS_DIR; };
		625244001B5FAC3200788444 /* P7MediaEditorDemoTests.swift */ = {isa = PBXFileReference; lastKnownFileType = sourcecode.swift; path = P7MediaEditorDemoTests.swift; sourceTree = "<group>"; };
		625244021B5FAC3200788444 /* Info.plist */ = {isa = PBXFileReference; lastKnownFileType = text.plist.xml; path = Info.plist; sourceTree = "<group>"; };
		625244071B5FAC3200788444 /* P7MediaEditorDemoUITests.xctest */ = {isa = PBXFileReference; explicitFileType = wrapper.cfbundle; includeInIndex = 0; path = P7MediaEditorDemoUITests.xctest; sourceTree = BUILT_PRODUCTS_DIR; };
		6252440B1B5FAC3200788444 /* P7MediaEditorDemoUITests.swift */ = {isa = PBXFileReference; lastKnownFileType = sourcecode.swift; path = P7MediaEditorDemoUITests.swift; sourceTree = "<group>"; };
		6252440D1B5FAC3200788444 /* Info.plist */ = {isa = PBXFileReference; lastKnownFileType = text.plist.xml; path = Info.plist; sourceTree = "<group>"; };
		6252441A1B5FACB000788444 /* Info.plist */ = {isa = PBXFileReference; fileEncoding = 4; lastKnownFileType = text.plist.xml; path = Info.plist; sourceTree = "<group>"; };
		6252441B1B5FACB000788444 /* P7MediaEditor.h */ = {isa = PBXFileReference; fileEncoding = 4; lastKnownFileType = sourcecode.c.h; path = P7MediaEditor.h; sourceTree = "<group>"; };
		6252441C1B5FACB000788444 /* P7MediaEditor.swift */ = {isa = PBXFileReference; fileEncoding = 4; lastKnownFileType = sourcecode.swift; path = P7MediaEditor.swift; sourceTree = "<group>"; };
/* End PBXFileReference section */

/* Begin PBXFrameworksBuildPhase section */
		625243E51B5FAC3100788444 /* Frameworks */ = {
			isa = PBXFrameworksBuildPhase;
			buildActionMask = 2147483647;
			files = (
			);
			runOnlyForDeploymentPostprocessing = 0;
		};
		625243F91B5FAC3200788444 /* Frameworks */ = {
			isa = PBXFrameworksBuildPhase;
			buildActionMask = 2147483647;
			files = (
			);
			runOnlyForDeploymentPostprocessing = 0;
		};
		625244041B5FAC3200788444 /* Frameworks */ = {
			isa = PBXFrameworksBuildPhase;
			buildActionMask = 2147483647;
			files = (
			);
			runOnlyForDeploymentPostprocessing = 0;
		};
/* End PBXFrameworksBuildPhase section */

/* Begin PBXGroup section */
		625243DF1B5FAC3100788444 = {
			isa = PBXGroup;
			children = (
				625244191B5FAC4F00788444 /* P7MediaEditor */,
				625243EA1B5FAC3100788444 /* P7MediaEditorDemo */,
				625243FF1B5FAC3200788444 /* P7MediaEditorDemoTests */,
				6252440A1B5FAC3200788444 /* P7MediaEditorDemoUITests */,
				625243E91B5FAC3100788444 /* Products */,
			);
			sourceTree = "<group>";
		};
		625243E91B5FAC3100788444 /* Products */ = {
			isa = PBXGroup;
			children = (
				625243E81B5FAC3100788444 /* P7MediaEditorDemo.app */,
				625243FC1B5FAC3200788444 /* P7MediaEditorDemoTests.xctest */,
				625244071B5FAC3200788444 /* P7MediaEditorDemoUITests.xctest */,
			);
			name = Products;
			sourceTree = "<group>";
		};
		625243EA1B5FAC3100788444 /* P7MediaEditorDemo */ = {
			isa = PBXGroup;
			children = (
				625243EB1B5FAC3100788444 /* AppDelegate.swift */,
				625243ED1B5FAC3100788444 /* ViewController.swift */,
				625243EF1B5FAC3100788444 /* Main.storyboard */,
				625243F21B5FAC3100788444 /* Assets.xcassets */,
				625243F41B5FAC3100788444 /* LaunchScreen.storyboard */,
				625243F71B5FAC3100788444 /* Info.plist */,
			);
			path = P7MediaEditorDemo;
			sourceTree = "<group>";
		};
		625243FF1B5FAC3200788444 /* P7MediaEditorDemoTests */ = {
			isa = PBXGroup;
			children = (
				625244001B5FAC3200788444 /* P7MediaEditorDemoTests.swift */,
				625244021B5FAC3200788444 /* Info.plist */,
			);
			path = P7MediaEditorDemoTests;
			sourceTree = "<group>";
		};
		6252440A1B5FAC3200788444 /* P7MediaEditorDemoUITests */ = {
			isa = PBXGroup;
			children = (
				6252440B1B5FAC3200788444 /* P7MediaEditorDemoUITests.swift */,
				6252440D1B5FAC3200788444 /* Info.plist */,
			);
			path = P7MediaEditorDemoUITests;
			sourceTree = "<group>";
		};
		625244191B5FAC4F00788444 /* P7MediaEditor */ = {
			isa = PBXGroup;
			children = (
				6252441A1B5FACB000788444 /* Info.plist */,
				6252441B1B5FACB000788444 /* P7MediaEditor.h */,
				6252441C1B5FACB000788444 /* P7MediaEditor.swift */,
			);
			path = P7MediaEditor;
			sourceTree = "<group>";
		};
/* End PBXGroup section */

/* Begin PBXNativeTarget section */
		625243E71B5FAC3100788444 /* P7MediaEditorDemo */ = {
			isa = PBXNativeTarget;
			buildConfigurationList = 625244101B5FAC3200788444 /* Build configuration list for PBXNativeTarget "P7MediaEditorDemo" */;
			buildPhases = (
				625243E41B5FAC3100788444 /* Sources */,
				625243E51B5FAC3100788444 /* Frameworks */,
				625243E61B5FAC3100788444 /* Resources */,
			);
			buildRules = (
			);
			dependencies = (
			);
			name = P7MediaEditorDemo;
			productName = P7MediaEditorDemo;
			productReference = 625243E81B5FAC3100788444 /* P7MediaEditorDemo.app */;
			productType = "com.apple.product-type.application";
		};
		625243FB1B5FAC3200788444 /* P7MediaEditorDemoTests */ = {
			isa = PBXNativeTarget;
			buildConfigurationList = 625244131B5FAC3200788444 /* Build configuration list for PBXNativeTarget "P7MediaEditorDemoTests" */;
			buildPhases = (
				625243F81B5FAC3200788444 /* Sources */,
				625243F91B5FAC3200788444 /* Frameworks */,
				625243FA1B5FAC3200788444 /* Resources */,
			);
			buildRules = (
			);
			dependencies = (
				625243FE1B5FAC3200788444 /* PBXTargetDependency */,
			);
			name = P7MediaEditorDemoTests;
			productName = P7MediaEditorDemoTests;
			productReference = 625243FC1B5FAC3200788444 /* P7MediaEditorDemoTests.xctest */;
			productType = "com.apple.product-type.bundle.unit-test";
		};
		625244061B5FAC3200788444 /* P7MediaEditorDemoUITests */ = {
			isa = PBXNativeTarget;
			buildConfigurationList = 625244161B5FAC3200788444 /* Build configuration list for PBXNativeTarget "P7MediaEditorDemoUITests" */;
			buildPhases = (
				625244031B5FAC3200788444 /* Sources */,
				625244041B5FAC3200788444 /* Frameworks */,
				625244051B5FAC3200788444 /* Resources */,
			);
			buildRules = (
			);
			dependencies = (
				625244091B5FAC3200788444 /* PBXTargetDependency */,
			);
			name = P7MediaEditorDemoUITests;
			productName = P7MediaEditorDemoUITests;
			productReference = 625244071B5FAC3200788444 /* P7MediaEditorDemoUITests.xctest */;
			productType = "com.apple.product-type.bundle.ui-testing";
		};
/* End PBXNativeTarget section */

/* Begin PBXProject section */
		625243E01B5FAC3100788444 /* Project object */ = {
			isa = PBXProject;
			attributes = {
				LastUpgradeCheck = 0700;
				ORGANIZATIONNAME = Kingiol;
				TargetAttributes = {
					625243E71B5FAC3100788444 = {
						CreatedOnToolsVersion = 7.0;
					};
					625243FB1B5FAC3200788444 = {
						CreatedOnToolsVersion = 7.0;
						TestTargetID = 625243E71B5FAC3100788444;
					};
					625244061B5FAC3200788444 = {
						CreatedOnToolsVersion = 7.0;
						TestTargetID = 625243E71B5FAC3100788444;
					};
				};
			};
			buildConfigurationList = 625243E31B5FAC3100788444 /* Build configuration list for PBXProject "P7MediaEditorDemo" */;
			compatibilityVersion = "Xcode 3.2";
			developmentRegion = English;
			hasScannedForEncodings = 0;
			knownRegions = (
				en,
				Base,
			);
			mainGroup = 625243DF1B5FAC3100788444;
			productRefGroup = 625243E91B5FAC3100788444 /* Products */;
			projectDirPath = "";
			projectRoot = "";
			targets = (
				625243E71B5FAC3100788444 /* P7MediaEditorDemo */,
				625243FB1B5FAC3200788444 /* P7MediaEditorDemoTests */,
				625244061B5FAC3200788444 /* P7MediaEditorDemoUITests */,
			);
		};
/* End PBXProject section */

/* Begin PBXResourcesBuildPhase section */
		625243E61B5FAC3100788444 /* Resources */ = {
			isa = PBXResourcesBuildPhase;
			buildActionMask = 2147483647;
			files = (
				6252441D1B5FACB000788444 /* Info.plist in Resources */,
				625243F61B5FAC3100788444 /* LaunchScreen.storyboard in Resources */,
				625243F31B5FAC3100788444 /* Assets.xcassets in Resources */,
				625243F11B5FAC3100788444 /* Main.storyboard in Resources */,
			);
			runOnlyForDeploymentPostprocessing = 0;
		};
		625243FA1B5FAC3200788444 /* Resources */ = {
			isa = PBXResourcesBuildPhase;
			buildActionMask = 2147483647;
			files = (
			);
			runOnlyForDeploymentPostprocessing = 0;
		};
		625244051B5FAC3200788444 /* Resources */ = {
			isa = PBXResourcesBuildPhase;
			buildActionMask = 2147483647;
			files = (
			);
			runOnlyForDeploymentPostprocessing = 0;
		};
/* End PBXResourcesBuildPhase section */

/* Begin PBXSourcesBuildPhase section */
		625243E41B5FAC3100788444 /* Sources */ = {
			isa = PBXSourcesBuildPhase;
			buildActionMask = 2147483647;
			files = (
				625243EE1B5FAC3100788444 /* ViewController.swift in Sources */,
				625243EC1B5FAC3100788444 /* AppDelegate.swift in Sources */,
				6252441E1B5FACB000788444 /* P7MediaEditor.swift in Sources */,
			);
			runOnlyForDeploymentPostprocessing = 0;
		};
		625243F81B5FAC3200788444 /* Sources */ = {
			isa = PBXSourcesBuildPhase;
			buildActionMask = 2147483647;
			files = (
				625244011B5FAC3200788444 /* P7MediaEditorDemoTests.swift in Sources */,
			);
			runOnlyForDeploymentPostprocessing = 0;
		};
		625244031B5FAC3200788444 /* Sources */ = {
			isa = PBXSourcesBuildPhase;
			buildActionMask = 2147483647;
			files = (
				6252440C1B5FAC3200788444 /* P7MediaEditorDemoUITests.swift in Sources */,
			);
			runOnlyForDeploymentPostprocessing = 0;
		};
/* End PBXSourcesBuildPhase section */

/* Begin PBXTargetDependency section */
		625243FE1B5FAC3200788444 /* PBXTargetDependency */ = {
			isa = PBXTargetDependency;
			target = 625243E71B5FAC3100788444 /* P7MediaEditorDemo */;
			targetProxy = 625243FD1B5FAC3200788444 /* PBXContainerItemProxy */;
		};
		625244091B5FAC3200788444 /* PBXTargetDependency */ = {
			isa = PBXTargetDependency;
			target = 625243E71B5FAC3100788444 /* P7MediaEditorDemo */;
			targetProxy = 625244081B5FAC3200788444 /* PBXContainerItemProxy */;
		};
/* End PBXTargetDependency section */

/* Begin PBXVariantGroup section */
		625243EF1B5FAC3100788444 /* Main.storyboard */ = {
			isa = PBXVariantGroup;
			children = (
				625243F01B5FAC3100788444 /* Base */,
			);
			name = Main.storyboard;
			sourceTree = "<group>";
		};
		625243F41B5FAC3100788444 /* LaunchScreen.storyboard */ = {
			isa = PBXVariantGroup;
			children = (
				625243F51B5FAC3100788444 /* Base */,
			);
			name = LaunchScreen.storyboard;
			sourceTree = "<group>";
		};
/* End PBXVariantGroup section */

/* Begin XCBuildConfiguration section */
		6252440E1B5FAC3200788444 /* Debug */ = {
			isa = XCBuildConfiguration;
			buildSettings = {
				ALWAYS_SEARCH_USER_PATHS = NO;
				CLANG_CXX_LANGUAGE_STANDARD = "gnu++0x";
				CLANG_CXX_LIBRARY = "libc++";
				CLANG_ENABLE_MODULES = YES;
				CLANG_ENABLE_OBJC_ARC = YES;
				CLANG_WARN_BOOL_CONVERSION = YES;
				CLANG_WARN_CONSTANT_CONVERSION = YES;
				CLANG_WARN_DIRECT_OBJC_ISA_USAGE = YES_ERROR;
				CLANG_WARN_EMPTY_BODY = YES;
				CLANG_WARN_ENUM_CONVERSION = YES;
				CLANG_WARN_INT_CONVERSION = YES;
				CLANG_WARN_OBJC_ROOT_CLASS = YES_ERROR;
				CLANG_WARN_UNREACHABLE_CODE = YES;
				CLANG_WARN__DUPLICATE_METHOD_MATCH = YES;
				"CODE_SIGN_IDENTITY[sdk=iphoneos*]" = "iPhone Developer";
				COPY_PHASE_STRIP = NO;
				DEBUG_INFORMATION_FORMAT = dwarf;
				ENABLE_STRICT_OBJC_MSGSEND = YES;
				ENABLE_TESTABILITY = YES;
				GCC_C_LANGUAGE_STANDARD = gnu99;
				GCC_DYNAMIC_NO_PIC = NO;
				GCC_NO_COMMON_BLOCKS = YES;
				GCC_OPTIMIZATION_LEVEL = 0;
				GCC_PREPROCESSOR_DEFINITIONS = (
					"DEBUG=1",
					"$(inherited)",
				);
				GCC_WARN_64_TO_32_BIT_CONVERSION = YES;
				GCC_WARN_ABOUT_RETURN_TYPE = YES_ERROR;
				GCC_WARN_UNDECLARED_SELECTOR = YES;
				GCC_WARN_UNINITIALIZED_AUTOS = YES_AGGRESSIVE;
				GCC_WARN_UNUSED_FUNCTION = YES;
				GCC_WARN_UNUSED_VARIABLE = YES;
				IPHONEOS_DEPLOYMENT_TARGET = 9.0;
				MTL_ENABLE_DEBUG_INFO = YES;
				ONLY_ACTIVE_ARCH = YES;
				SDKROOT = iphoneos;
				SWIFT_OPTIMIZATION_LEVEL = "-Onone";
			};
			name = Debug;
		};
		6252440F1B5FAC3200788444 /* Release */ = {
			isa = XCBuildConfiguration;
			buildSettings = {
				ALWAYS_SEARCH_USER_PATHS = NO;
				CLANG_CXX_LANGUAGE_STANDARD = "gnu++0x";
				CLANG_CXX_LIBRARY = "libc++";
				CLANG_ENABLE_MODULES = YES;
				CLANG_ENABLE_OBJC_ARC = YES;
				CLANG_WARN_BOOL_CONVERSION = YES;
				CLANG_WARN_CONSTANT_CONVERSION = YES;
				CLANG_WARN_DIRECT_OBJC_ISA_USAGE = YES_ERROR;
				CLANG_WARN_EMPTY_BODY = YES;
				CLANG_WARN_ENUM_CONVERSION = YES;
				CLANG_WARN_INT_CONVERSION = YES;
				CLANG_WARN_OBJC_ROOT_CLASS = YES_ERROR;
				CLANG_WARN_UNREACHABLE_CODE = YES;
				CLANG_WARN__DUPLICATE_METHOD_MATCH = YES;
				"CODE_SIGN_IDENTITY[sdk=iphoneos*]" = "iPhone Developer";
				COPY_PHASE_STRIP = NO;
				DEBUG_INFORMATION_FORMAT = "dwarf-with-dsym";
				ENABLE_NS_ASSERTIONS = NO;
				ENABLE_STRICT_OBJC_MSGSEND = YES;
				GCC_C_LANGUAGE_STANDARD = gnu99;
				GCC_NO_COMMON_BLOCKS = YES;
				GCC_WARN_64_TO_32_BIT_CONVERSION = YES;
				GCC_WARN_ABOUT_RETURN_TYPE = YES_ERROR;
				GCC_WARN_UNDECLARED_SELECTOR = YES;
				GCC_WARN_UNINITIALIZED_AUTOS = YES_AGGRESSIVE;
				GCC_WARN_UNUSED_FUNCTION = YES;
				GCC_WARN_UNUSED_VARIABLE = YES;
				IPHONEOS_DEPLOYMENT_TARGET = 9.0;
				MTL_ENABLE_DEBUG_INFO = NO;
				SDKROOT = iphoneos;
				VALIDATE_PRODUCT = YES;
			};
			name = Release;
		};
		625244111B5FAC3200788444 /* Debug */ = {
			isa = XCBuildConfiguration;
			buildSettings = {
				ASSETCATALOG_COMPILER_APPICON_NAME = AppIcon;
				INFOPLIST_FILE = P7MediaEditorDemo/Info.plist;
				LD_RUNPATH_SEARCH_PATHS = "$(inherited) @executable_path/Frameworks";
				PRODUCT_BUNDLE_IDENTIFIER = com.kingiol.P7MediaEditorDemo;
				PRODUCT_NAME = "$(TARGET_NAME)";
			};
			name = Debug;
		};
		625244121B5FAC3200788444 /* Release */ = {
			isa = XCBuildConfiguration;
			buildSettings = {
				ASSETCATALOG_COMPILER_APPICON_NAME = AppIcon;
				INFOPLIST_FILE = P7MediaEditorDemo/Info.plist;
				LD_RUNPATH_SEARCH_PATHS = "$(inherited) @executable_path/Frameworks";
				PRODUCT_BUNDLE_IDENTIFIER = com.kingiol.P7MediaEditorDemo;
				PRODUCT_NAME = "$(TARGET_NAME)";
			};
			name = Release;
		};
		625244141B5FAC3200788444 /* Debug */ = {
			isa = XCBuildConfiguration;
			buildSettings = {
				BUNDLE_LOADER = "$(TEST_HOST)";
				INFOPLIST_FILE = P7MediaEditorDemoTests/Info.plist;
				LD_RUNPATH_SEARCH_PATHS = "$(inherited) @executable_path/Frameworks @loader_path/Frameworks";
				PRODUCT_BUNDLE_IDENTIFIER = com.kingiol.P7MediaEditorDemoTests;
				PRODUCT_NAME = "$(TARGET_NAME)";
				TEST_HOST = "$(BUILT_PRODUCTS_DIR)/P7MediaEditorDemo.app/P7MediaEditorDemo";
			};
			name = Debug;
		};
		625244151B5FAC3200788444 /* Release */ = {
			isa = XCBuildConfiguration;
			buildSettings = {
				BUNDLE_LOADER = "$(TEST_HOST)";
				INFOPLIST_FILE = P7MediaEditorDemoTests/Info.plist;
				LD_RUNPATH_SEARCH_PATHS = "$(inherited) @executable_path/Frameworks @loader_path/Frameworks";
				PRODUCT_BUNDLE_IDENTIFIER = com.kingiol.P7MediaEditorDemoTests;
				PRODUCT_NAME = "$(TARGET_NAME)";
				TEST_HOST = "$(BUILT_PRODUCTS_DIR)/P7MediaEditorDemo.app/P7MediaEditorDemo";
			};
			name = Release;
		};
		625244171B5FAC3200788444 /* Debug */ = {
			isa = XCBuildConfiguration;
			buildSettings = {
				INFOPLIST_FILE = P7MediaEditorDemoUITests/Info.plist;
				LD_RUNPATH_SEARCH_PATHS = "$(inherited) @executable_path/Frameworks @loader_path/Frameworks";
				PRODUCT_BUNDLE_IDENTIFIER = com.kingiol.P7MediaEditorDemoUITests;
				PRODUCT_NAME = "$(TARGET_NAME)";
				TEST_TARGET_NAME = P7MediaEditorDemo;
				USES_XCTRUNNER = YES;
			};
			name = Debug;
		};
		625244181B5FAC3200788444 /* Release */ = {
			isa = XCBuildConfiguration;
			buildSettings = {
				INFOPLIST_FILE = P7MediaEditorDemoUITests/Info.plist;
				LD_RUNPATH_SEARCH_PATHS = "$(inherited) @executable_path/Frameworks @loader_path/Frameworks";
				PRODUCT_BUNDLE_IDENTIFIER = com.kingiol.P7MediaEditorDemoUITests;
				PRODUCT_NAME = "$(TARGET_NAME)";
				TEST_TARGET_NAME = P7MediaEditorDemo;
				USES_XCTRUNNER = YES;
			};
			name = Release;
		};
/* End XCBuildConfiguration section */

/* Begin XCConfigurationList section */
		625243E31B5FAC3100788444 /* Build configuration list for PBXProject "P7MediaEditorDemo" */ = {
			isa = XCConfigurationList;
			buildConfigurations = (
				6252440E1B5FAC3200788444 /* Debug */,
				6252440F1B5FAC3200788444 /* Release */,
			);
			defaultConfigurationIsVisible = 0;
			defaultConfigurationName = Release;
		};
		625244101B5FAC3200788444 /* Build configuration list for PBXNativeTarget "P7MediaEditorDemo" */ = {
			isa = XCConfigurationList;
			buildConfigurations = (
				625244111B5FAC3200788444 /* Debug */,
				625244121B5FAC3200788444 /* Release */,
			);
			defaultConfigurationIsVisible = 0;
		};
		625244131B5FAC3200788444 /* Build configuration list for PBXNativeTarget "P7MediaEditorDemoTests" */ = {
			isa = XCConfigurationList;
			buildConfigurations = (
				625244141B5FAC3200788444 /* Debug */,
				625244151B5FAC3200788444 /* Release */,
			);
			defaultConfigurationIsVisible = 0;
		};
		625244161B5FAC3200788444 /* Build configuration list for PBXNativeTarget "P7MediaEditorDemoUITests" */ = {
			isa = XCConfigurationList;
			buildConfigurations = (
				625244171B5FAC3200788444 /* Debug */,
				625244181B5FAC3200788444 /* Release */,
			);
			defaultConfigurationIsVisible = 0;
		};
/* End XCConfigurationList section */
	};
	rootObject = 625243E01B5FAC3100788444 /* Project object */;
}
